
Microsoft Visual Studio Solution File, Format Version 12.00
# Visual Studio Version 17
VisualStudioVersion = 17.13.35931.197 d17.13
MinimumVisualStudioVersion = 10.0.40219.1
Project("{FAE04EC0-301F-11D3-BF4B-00C04F79EFBC}") = "meditation", "meditation\meditation.csproj", "{30725BD2-655B-41C9-93B0-39986EF8C20B}"
EndProject
Global
	GlobalSection(SolutionConfigurationPlatforms) = preSolution
		Debug|Any CPU = Debug|Any CPU
		Release|Any CPU = Release|Any CPU
	EndGlobalSection
	GlobalSection(ProjectConfigurationPlatforms) = postSolution
		{30725BD2-655B-41C9-93B0-39986EF8C20B}.Debug|Any CPU.ActiveCfg = Debug|Any CPU
		{30725BD2-655B-41C9-93B0-39986EF8C20B}.Debug|Any CPU.Build.0 = Debug|Any CPU
		{30725BD2-655B-41C9-93B0-39986EF8C20B}.Release|Any CPU.ActiveCfg = Release|Any CPU
		{30725BD2-655B-41C9-93B0-39986EF8C20B}.Release|Any CPU.Build.0 = Release|Any CPU
	EndGlobalSection
	GlobalSection(SolutionProperties) = preSolution
		HideSolutionNode = FALSE
	EndGlobalSection
	GlobalSection(ExtensibilityGlobals) = postSolution
		SolutionGuid = {829620AC-CC81-4611-B7B3-02966E4729C6}
	EndGlobalSection
EndGlobal
